
Microsoft Visual Studio Solution File, Format Version 12.00
# Visual Studio Version 17
VisualStudioVersion = 17.10.35004.147
MinimumVisualStudioVersion = 10.0.40219.1
Project("{FAE04EC0-301F-11D3-BF4B-00C04F79EFBC}") = "RestAPI-AspNet_UsingDiferentVerbs", "RestAPI-AspNet_UsingDiferentVerbs\RestAPI-AspNet_UsingDiferentVerbs.csproj", "{417F4E44-6F56-4D6C-A872-FE464EE50FF2}"
EndProject
Global
	GlobalSection(SolutionConfigurationPlatforms) = preSolution
		Debug|Any CPU = Debug|Any CPU
		Release|Any CPU = Release|Any CPU
	EndGlobalSection
	GlobalSection(ProjectConfigurationPlatforms) = postSolution
		{417F4E44-6F56-4D6C-A872-FE464EE50FF2}.Debug|Any CPU.ActiveCfg = Debug|Any CPU
		{417F4E44-6F56-4D6C-A872-FE464EE50FF2}.Debug|Any CPU.Build.0 = Debug|Any CPU
		{417F4E44-6F56-4D6C-A872-FE464EE50FF2}.Release|Any CPU.ActiveCfg = Release|Any CPU
		{417F4E44-6F56-4D6C-A872-FE464EE50FF2}.Release|Any CPU.Build.0 = Release|Any CPU
	EndGlobalSection
	GlobalSection(SolutionProperties) = preSolution
		HideSolutionNode = FALSE
	EndGlobalSection
	GlobalSection(ExtensibilityGlobals) = postSolution
		SolutionGuid = {6096ED81-0281-479A-BEAF-0B939F618286}
	EndGlobalSection
EndGlobal
