
Microsoft Visual Studio Solution File, Format Version 12.00
# Visual Studio Version 17
VisualStudioVersion = 17.10.35004.147
MinimumVisualStudioVersion = 10.0.40219.1
Project("{FAE04EC0-301F-11D3-BF4B-00C04F79EFBC}") = "RestAPI-AspNet", "RestAPI-AspNet\RestAPI-AspNet.csproj", "{04836DCF-C720-4456-B609-102B0AF7DA08}"
EndProject
Global
	GlobalSection(SolutionConfigurationPlatforms) = preSolution
		Debug|Any CPU = Debug|Any CPU
		Release|Any CPU = Release|Any CPU
	EndGlobalSection
	GlobalSection(ProjectConfigurationPlatforms) = postSolution
		{04836DCF-C720-4456-B609-102B0AF7DA08}.Debug|Any CPU.ActiveCfg = Debug|Any CPU
		{04836DCF-C720-4456-B609-102B0AF7DA08}.Debug|Any CPU.Build.0 = Debug|Any CPU
		{04836DCF-C720-4456-B609-102B0AF7DA08}.Release|Any CPU.ActiveCfg = Release|Any CPU
		{04836DCF-C720-4456-B609-102B0AF7DA08}.Release|Any CPU.Build.0 = Release|Any CPU
	EndGlobalSection
	GlobalSection(SolutionProperties) = preSolution
		HideSolutionNode = FALSE
	EndGlobalSection
	GlobalSection(ExtensibilityGlobals) = postSolution
		SolutionGuid = {EE087F7D-2A83-421A-A59B-A871354BD681}
	EndGlobalSection
EndGlobal
